
Microsoft Visual Studio Solution File, Format Version 12.00
# Visual Studio Version 17
VisualStudioVersion = 17.3.32922.545
MinimumVisualStudioVersion = 10.0.40219.1
Project("{FAE04EC0-301F-11D3-BF4B-00C04F79EFBC}") = "WinFormsApp1", "WinFormsApp1\WinFormsApp1.csproj", "{9A561B6E-4EA2-4FD8-86D1-FB0356E7AFCD}"
EndProject
Global
	GlobalSection(SolutionConfigurationPlatforms) = preSolution
		Debug|Any CPU = Debug|Any CPU
		Release|Any CPU = Release|Any CPU
	EndGlobalSection
	GlobalSection(ProjectConfigurationPlatforms) = postSolution
		{9A561B6E-4EA2-4FD8-86D1-FB0356E7AFCD}.Debug|Any CPU.ActiveCfg = Debug|Any CPU
		{9A561B6E-4EA2-4FD8-86D1-FB0356E7AFCD}.Debug|Any CPU.Build.0 = Debug|Any CPU
		{9A561B6E-4EA2-4FD8-86D1-FB0356E7AFCD}.Release|Any CPU.ActiveCfg = Release|Any CPU
		{9A561B6E-4EA2-4FD8-86D1-FB0356E7AFCD}.Release|Any CPU.Build.0 = Release|Any CPU
	EndGlobalSection
	GlobalSection(SolutionProperties) = preSolution
		HideSolutionNode = FALSE
	EndGlobalSection
	GlobalSection(ExtensibilityGlobals) = postSolution
		SolutionGuid = {30B1D503-3606-4F5A-9E75-9D38742DB8A6}
	EndGlobalSection
EndGlobal
